{
  "name": "mnemonic",
  "version": "1.0.0",
  "lockfileVersion": 1,
  "requires": true,
  "dependencies": {
    "docker-names": {
      "version": "1.0.3",
      "resolved": "https://registry.npmjs.org/docker-names/-/docker-names-1.0.3.tgz",
      "integrity": "sha1-Z8yaYYQrqZCYfJzbFjecefBIAno="
    }
  }
}
