
Microsoft Visual Studio Solution File, Format Version 12.00
# Visual Studio 15
VisualStudioVersion = 15.0.26124.0
MinimumVisualStudioVersion = 15.0.26124.0
Project("{FAE04EC0-301F-11D3-BF4B-00C04F79EFBC}") = "rest.client", "src\rest.client.csproj", "{4A8D653D-1B5E-40BD-BFCC-016408636DBE}"
EndProject
Project("{FAE04EC0-301F-11D3-BF4B-00C04F79EFBC}") = "tests", "tests\tests.csproj", "{5AB18677-3973-48BF-BFA5-0B9B253E7E99}"
EndProject
Global
	GlobalSection(SolutionConfigurationPlatforms) = preSolution
		Debug|Any CPU = Debug|Any CPU
		Debug|x64 = Debug|x64
		Debug|x86 = Debug|x86
		Release|Any CPU = Release|Any CPU
		Release|x64 = Release|x64
		Release|x86 = Release|x86
	EndGlobalSection
	GlobalSection(SolutionProperties) = preSolution
		HideSolutionNode = FALSE
	EndGlobalSection
	GlobalSection(ProjectConfigurationPlatforms) = postSolution
		{4A8D653D-1B5E-40BD-BFCC-016408636DBE}.Debug|Any CPU.ActiveCfg = Debug|Any CPU
		{4A8D653D-1B5E-40BD-BFCC-016408636DBE}.Debug|Any CPU.Build.0 = Debug|Any CPU
		{4A8D653D-1B5E-40BD-BFCC-016408636DBE}.Debug|x64.ActiveCfg = Debug|Any CPU
		{4A8D653D-1B5E-40BD-BFCC-016408636DBE}.Debug|x64.Build.0 = Debug|Any CPU
		{4A8D653D-1B5E-40BD-BFCC-016408636DBE}.Debug|x86.ActiveCfg = Debug|Any CPU
		{4A8D653D-1B5E-40BD-BFCC-016408636DBE}.Debug|x86.Build.0 = Debug|Any CPU
		{4A8D653D-1B5E-40BD-BFCC-016408636DBE}.Release|Any CPU.ActiveCfg = Release|Any CPU
		{4A8D653D-1B5E-40BD-BFCC-016408636DBE}.Release|Any CPU.Build.0 = Release|Any CPU
		{4A8D653D-1B5E-40BD-BFCC-016408636DBE}.Release|x64.ActiveCfg = Release|Any CPU
		{4A8D653D-1B5E-40BD-BFCC-016408636DBE}.Release|x64.Build.0 = Release|Any CPU
		{4A8D653D-1B5E-40BD-BFCC-016408636DBE}.Release|x86.ActiveCfg = Release|Any CPU
		{4A8D653D-1B5E-40BD-BFCC-016408636DBE}.Release|x86.Build.0 = Release|Any CPU
		{5AB18677-3973-48BF-BFA5-0B9B253E7E99}.Debug|Any CPU.ActiveCfg = Debug|Any CPU
		{5AB18677-3973-48BF-BFA5-0B9B253E7E99}.Debug|Any CPU.Build.0 = Debug|Any CPU
		{5AB18677-3973-48BF-BFA5-0B9B253E7E99}.Debug|x64.ActiveCfg = Debug|Any CPU
		{5AB18677-3973-48BF-BFA5-0B9B253E7E99}.Debug|x64.Build.0 = Debug|Any CPU
		{5AB18677-3973-48BF-BFA5-0B9B253E7E99}.Debug|x86.ActiveCfg = Debug|Any CPU
		{5AB18677-3973-48BF-BFA5-0B9B253E7E99}.Debug|x86.Build.0 = Debug|Any CPU
		{5AB18677-3973-48BF-BFA5-0B9B253E7E99}.Release|Any CPU.ActiveCfg = Release|Any CPU
		{5AB18677-3973-48BF-BFA5-0B9B253E7E99}.Release|Any CPU.Build.0 = Release|Any CPU
		{5AB18677-3973-48BF-BFA5-0B9B253E7E99}.Release|x64.ActiveCfg = Release|Any CPU
		{5AB18677-3973-48BF-BFA5-0B9B253E7E99}.Release|x64.Build.0 = Release|Any CPU
		{5AB18677-3973-48BF-BFA5-0B9B253E7E99}.Release|x86.ActiveCfg = Release|Any CPU
		{5AB18677-3973-48BF-BFA5-0B9B253E7E99}.Release|x86.Build.0 = Release|Any CPU
	EndGlobalSection
EndGlobal
